{
  "name": "block-chain",
  "version": "1.0.0",
  "lockfileVersion": 1,
  "requires": true,
  "dependencies": {
    "object-hash": {
      "version": "2.0.1",
      "resolved": "https://registry.npmjs.org/object-hash/-/object-hash-2.0.1.tgz",
      "integrity": "sha512-HgcGMooY4JC2PBt9sdUdJ6PMzpin+YtY3r/7wg0uTifP+HJWW8rammseSEHuyt0UeShI183UGssCJqm1bJR7QA=="
    }
  }
}
